
Microsoft Visual Studio Solution File, Format Version 12.00
# Visual Studio 15
Project("{FAE04EC0-301F-11D3-BF4B-00C04F79EFBC}") = "Danfe", "Danfe\Danfe.csproj", "{6B41922F-571C-4B9D-AA6B-080D4F5B62B3}"
EndProject
Global
	GlobalSection(SolutionConfigurationPlatforms) = preSolution
		Debug|Any CPU = Debug|Any CPU
		Release|Any CPU = Release|Any CPU
	EndGlobalSection
	GlobalSection(ProjectConfigurationPlatforms) = postSolution
		{6B41922F-571C-4B9D-AA6B-080D4F5B62B3}.Debug|Any CPU.ActiveCfg = Debug|Any CPU
		{6B41922F-571C-4B9D-AA6B-080D4F5B62B3}.Debug|Any CPU.Build.0 = Debug|Any CPU
		{6B41922F-571C-4B9D-AA6B-080D4F5B62B3}.Release|Any CPU.ActiveCfg = Release|Any CPU
		{6B41922F-571C-4B9D-AA6B-080D4F5B62B3}.Release|Any CPU.Build.0 = Release|Any CPU
	EndGlobalSection
EndGlobal
